
Microsoft Visual Studio Solution File, Format Version 12.00
# Visual Studio Version 17
VisualStudioVersion = 17.13.35828.75 d17.13
MinimumVisualStudioVersion = 10.0.40219.1
Project("{FAE04EC0-301F-11D3-BF4B-00C04F79EFBC}") = "QUIZARTZ", "QUIZARTZ\QUIZARTZ.csproj", "{3B3DCEA5-BA1F-4F01-B170-F1E5471929DE}"
EndProject
Global
	GlobalSection(SolutionConfigurationPlatforms) = preSolution
		Debug|Any CPU = Debug|Any CPU
		Release|Any CPU = Release|Any CPU
	EndGlobalSection
	GlobalSection(ProjectConfigurationPlatforms) = postSolution
		{3B3DCEA5-BA1F-4F01-B170-F1E5471929DE}.Debug|Any CPU.ActiveCfg = Debug|Any CPU
		{3B3DCEA5-BA1F-4F01-B170-F1E5471929DE}.Debug|Any CPU.Build.0 = Debug|Any CPU
		{3B3DCEA5-BA1F-4F01-B170-F1E5471929DE}.Release|Any CPU.ActiveCfg = Release|Any CPU
		{3B3DCEA5-BA1F-4F01-B170-F1E5471929DE}.Release|Any CPU.Build.0 = Release|Any CPU
	EndGlobalSection
	GlobalSection(SolutionProperties) = preSolution
		HideSolutionNode = FALSE
	EndGlobalSection
	GlobalSection(ExtensibilityGlobals) = postSolution
		SolutionGuid = {3C75EB12-F886-4C20-A300-EFC141B57BDF}
	EndGlobalSection
EndGlobal
